{
  "name": "simulated-hackernews",
  "version": "1.0.0",
  "lockfileVersion": 1,
  "requires": true,
  "dependencies": {
    "mime": {
      "version": "2.4.1",
      "resolved": "https://registry.npmjs.org/mime/-/mime-2.4.1.tgz",
      "integrity": "sha512-VRUfmQO0rCd3hKwBymAn3kxYzBHr3I/wdVMywgG3HhXOwrCQgN84ZagpdTm2tZ4TNtwsSmyJWYO88mb5XvzGqQ=="
    },
    "underscore": {
      "version": "1.9.1",
      "resolved": "https://registry.npmjs.org/underscore/-/underscore-1.9.1.tgz",
      "integrity": "sha512-5/4etnCkd9c8gwgowi5/om/mYO5ajCaOgdzj/oW+0eQV9WxKBDZw5+ycmKmeaTXjInS/W0BzpGLo2xR2aBwZdg=="
    }
  }
}
